
Microsoft Visual Studio Solution File, Format Version 12.00
# Visual Studio Version 17
VisualStudioVersion = 17.0.31903.59
MinimumVisualStudioVersion = 10.0.40219.1
Project("{FAE04EC0-301F-11D3-BF4B-00C04F79EFBC}") = "BuberDinner.Api", "BuberDinner.Api\BuberDinner.Api.csproj", "{F7258593-9C59-4846-BEC2-5D000A1D8A98}"
EndProject
Project("{FAE04EC0-301F-11D3-BF4B-00C04F79EFBC}") = "BuberDinner.Application", "BuberDinner.Application\BuberDinner.Application.csproj", "{D94E47D6-F7FE-4199-9CF7-3492D66CAFCE}"
EndProject
Project("{FAE04EC0-301F-11D3-BF4B-00C04F79EFBC}") = "BuberDinner.Contracts", "BuberDinner.Contracts\BuberDinner.Contracts.csproj", "{C7C68105-33B9-4A25-AD98-A478BAD60393}"
EndProject
Project("{FAE04EC0-301F-11D3-BF4B-00C04F79EFBC}") = "BuberDinner.Domain", "BuberDinner.Domain\BuberDinner.Domain.csproj", "{3173389B-F3EE-406C-AA08-AD53721EDABD}"
EndProject
Project("{FAE04EC0-301F-11D3-BF4B-00C04F79EFBC}") = "BuberDinner.Infrastructure", "BuberDinner.Infrastructure\BuberDinner.Infrastructure.csproj", "{434228B6-49ED-4738-9961-C6B3EFE28C6D}"
EndProject
Global
	GlobalSection(SolutionConfigurationPlatforms) = preSolution
		Debug|Any CPU = Debug|Any CPU
		Release|Any CPU = Release|Any CPU
	EndGlobalSection
	GlobalSection(SolutionProperties) = preSolution
		HideSolutionNode = FALSE
	EndGlobalSection
	GlobalSection(ProjectConfigurationPlatforms) = postSolution
		{F7258593-9C59-4846-BEC2-5D000A1D8A98}.Debug|Any CPU.ActiveCfg = Debug|Any CPU
		{F7258593-9C59-4846-BEC2-5D000A1D8A98}.Debug|Any CPU.Build.0 = Debug|Any CPU
		{F7258593-9C59-4846-BEC2-5D000A1D8A98}.Release|Any CPU.ActiveCfg = Release|Any CPU
		{F7258593-9C59-4846-BEC2-5D000A1D8A98}.Release|Any CPU.Build.0 = Release|Any CPU
		{D94E47D6-F7FE-4199-9CF7-3492D66CAFCE}.Debug|Any CPU.ActiveCfg = Debug|Any CPU
		{D94E47D6-F7FE-4199-9CF7-3492D66CAFCE}.Debug|Any CPU.Build.0 = Debug|Any CPU
		{D94E47D6-F7FE-4199-9CF7-3492D66CAFCE}.Release|Any CPU.ActiveCfg = Release|Any CPU
		{D94E47D6-F7FE-4199-9CF7-3492D66CAFCE}.Release|Any CPU.Build.0 = Release|Any CPU
		{C7C68105-33B9-4A25-AD98-A478BAD60393}.Debug|Any CPU.ActiveCfg = Debug|Any CPU
		{C7C68105-33B9-4A25-AD98-A478BAD60393}.Debug|Any CPU.Build.0 = Debug|Any CPU
		{C7C68105-33B9-4A25-AD98-A478BAD60393}.Release|Any CPU.ActiveCfg = Release|Any CPU
		{C7C68105-33B9-4A25-AD98-A478BAD60393}.Release|Any CPU.Build.0 = Release|Any CPU
		{3173389B-F3EE-406C-AA08-AD53721EDABD}.Debug|Any CPU.ActiveCfg = Debug|Any CPU
		{3173389B-F3EE-406C-AA08-AD53721EDABD}.Debug|Any CPU.Build.0 = Debug|Any CPU
		{3173389B-F3EE-406C-AA08-AD53721EDABD}.Release|Any CPU.ActiveCfg = Release|Any CPU
		{3173389B-F3EE-406C-AA08-AD53721EDABD}.Release|Any CPU.Build.0 = Release|Any CPU
		{434228B6-49ED-4738-9961-C6B3EFE28C6D}.Debug|Any CPU.ActiveCfg = Debug|Any CPU
		{434228B6-49ED-4738-9961-C6B3EFE28C6D}.Debug|Any CPU.Build.0 = Debug|Any CPU
		{434228B6-49ED-4738-9961-C6B3EFE28C6D}.Release|Any CPU.ActiveCfg = Release|Any CPU
		{434228B6-49ED-4738-9961-C6B3EFE28C6D}.Release|Any CPU.Build.0 = Release|Any CPU
	EndGlobalSection
EndGlobal
